{
  "name": "flexo2-website",
  "lockfileVersion": 3,
  "requires": true,
  "packages": {
    "": {
      "dependencies": {
        "@daveaki/flexocss": "^2.0.1"
      }
    },
    "node_modules/@daveaki/flexocss": {
      "version": "2.0.2",
      "resolved": "https://registry.npmjs.org/@daveaki/flexocss/-/flexocss-2.0.2.tgz",
      "integrity": "sha512-TSvGWzAUs4corWCZqB8Q6Ijjw2mTkl6kzoyRzZnhMfbWgkS/2J+hZsMu2z1wohtku4hkucspMAZTiUV3gemdow==",
      "license": "MIT"
    }
  }
}
